
Microsoft Visual Studio Solution File, Format Version 12.00
# Visual Studio 14
VisualStudioVersion = 14.0.25123.0
MinimumVisualStudioVersion = 10.0.40219.1
Project("{5B8A5588-420F-422C-A226-83345839273F}") = "Sitecore.Support.147684", "Sitecore.Support.147684\Sitecore.Support.147684.csproj", "{0CC2BF17-4E5D-43B2-83EF-1CD669960D6E}"
EndProject
Global
	GlobalSection(SolutionConfigurationPlatforms) = preSolution
		Debug|Any CPU = Debug|Any CPU
		Release|Any CPU = Release|Any CPU
	EndGlobalSection
	GlobalSection(ProjectConfigurationPlatforms) = postSolution
		{0CC2BF17-4E5D-43B2-83EF-1CD669960D6E}.Debug|Any CPU.ActiveCfg = Debug|Any CPU
		{0CC2BF17-4E5D-43B2-83EF-1CD669960D6E}.Debug|Any CPU.Build.0 = Debug|Any CPU
		{0CC2BF17-4E5D-43B2-83EF-1CD669960D6E}.Release|Any CPU.ActiveCfg = Release|Any CPU
		{0CC2BF17-4E5D-43B2-83EF-1CD669960D6E}.Release|Any CPU.Build.0 = Release|Any CPU
	EndGlobalSection
	GlobalSection(SolutionProperties) = preSolution
		HideSolutionNode = FALSE
	EndGlobalSection
EndGlobal
